
Microsoft Visual Studio Solution File, Format Version 12.00
# Visual Studio Version 16
VisualStudioVersion = 16.0.29230.47
MinimumVisualStudioVersion = 10.0.40219.1
Project("{888888A0-9F3D-457C-B088-3A5042F75D52}") = "IotSalary", "IotSalary\IotSalary.pyproj", "{E5A8AD6F-51FA-4DAC-BE50-7A55F6EEF89C}"
EndProject
Global
	GlobalSection(SolutionConfigurationPlatforms) = preSolution
		Debug|Any CPU = Debug|Any CPU
		Release|Any CPU = Release|Any CPU
	EndGlobalSection
	GlobalSection(ProjectConfigurationPlatforms) = postSolution
		{E5A8AD6F-51FA-4DAC-BE50-7A55F6EEF89C}.Debug|Any CPU.ActiveCfg = Debug|Any CPU
		{E5A8AD6F-51FA-4DAC-BE50-7A55F6EEF89C}.Release|Any CPU.ActiveCfg = Release|Any CPU
	EndGlobalSection
	GlobalSection(SolutionProperties) = preSolution
		HideSolutionNode = FALSE
	EndGlobalSection
	GlobalSection(ExtensibilityGlobals) = postSolution
		SolutionGuid = {BF280C0A-0044-4E02-8B4C-8B7F2B23786F}
	EndGlobalSection
EndGlobal
